// !$*UTF8*$!
{
	archiveVersion = 1;
	classes = {
	};
	objectVersion = 46;
	objects = {

/* Begin PBXBuildFile section */
		4E082A2A1CCC669100880555 /* ViewControllerNovo.m in Sources */ = {isa = PBXBuildFile; fileRef = 4E082A291CCC669100880555 /* ViewControllerNovo.m */; };
		4E71DEEF1CCADD7A00DEE372 /* main.m in Sources */ = {isa = PBXBuildFile; fileRef = 4E71DEEE1CCADD7A00DEE372 /* main.m */; };
		4E71DEF21CCADD7A00DEE372 /* AppDelegate.m in Sources */ = {isa = PBXBuildFile; fileRef = 4E71DEF11CCADD7A00DEE372 /* AppDelegate.m */; };
		4E71DEF51CCADD7A00DEE372 /* ViewController.m in Sources */ = {isa = PBXBuildFile; fileRef = 4E71DEF41CCADD7A00DEE372 /* ViewController.m */; };
		4E71DEF81CCADD7A00DEE372 /* Main.storyboard in Resources */ = {isa = PBXBuildFile; fileRef = 4E71DEF61CCADD7A00DEE372 /* Main.storyboard */; };
		4E71DEFA1CCADD7A00DEE372 /* Assets.xcassets in Resources */ = {isa = PBXBuildFile; fileRef = 4E71DEF91CCADD7A00DEE372 /* Assets.xcassets */; };
		4E71DEFD1CCADD7A00DEE372 /* LaunchScreen.storyboard in Resources */ = {isa = PBXBuildFile; fileRef = 4E71DEFB1CCADD7A00DEE372 /* LaunchScreen.storyboard */; };
		4E71DF081CCADD7A00DEE372 /* audiostremobjectiveTests.m in Sources */ = {isa = PBXBuildFile; fileRef = 4E71DF071CCADD7A00DEE372 /* audiostremobjectiveTests.m */; };
		4E71DF131CCADD7A00DEE372 /* audiostremobjectiveUITests.m in Sources */ = {isa = PBXBuildFile; fileRef = 4E71DF121CCADD7A00DEE372 /* audiostremobjectiveUITests.m */; };
		4E71DF221CCADFAB00DEE372 /* Player.m in Sources */ = {isa = PBXBuildFile; fileRef = 4E71DF211CCADFAB00DEE372 /* Player.m */; };
/* End PBXBuildFile section */

/* Begin PBXContainerItemProxy section */
		4E71DF041CCADD7A00DEE372 /* PBXContainerItemProxy */ = {
			isa = PBXContainerItemProxy;
			containerPortal = 4E71DEE21CCADD7A00DEE372 /* Project object */;
			proxyType = 1;
			remoteGlobalIDString = 4E71DEE91CCADD7A00DEE372;
			remoteInfo = audiostremobjective;
		};
		4E71DF0F1CCADD7A00DEE372 /* PBXContainerItemProxy */ = {
			isa = PBXContainerItemProxy;
			containerPortal = 4E71DEE21CCADD7A00DEE372 /* Project object */;
			proxyType = 1;
			remoteGlobalIDString = 4E71DEE91CCADD7A00DEE372;
			remoteInfo = audiostremobjective;
		};
/* End PBXContainerItemProxy section */

/* Begin PBXFileReference section */
		4E082A281CCC667800880555 /* ViewControllerNovo.h */ = {isa = PBXFileReference; fileEncoding = 4; lastKnownFileType = sourcecode.c.h; path = ViewControllerNovo.h; sourceTree = "<group>"; };
		4E082A291CCC669100880555 /* ViewControllerNovo.m */ = {isa = PBXFileReference; fileEncoding = 4; lastKnownFileType = sourcecode.c.objc; path = ViewControllerNovo.m; sourceTree = "<group>"; };
		4E71DEEA1CCADD7A00DEE372 /* audiostremobjective.app */ = {isa = PBXFileReference; explicitFileType = wrapper.application; includeInIndex = 0; path = audiostremobjective.app; sourceTree = BUILT_PRODUCTS_DIR; };
		4E71DEEE1CCADD7A00DEE372 /* main.m */ = {isa = PBXFileReference; lastKnownFileType = sourcecode.c.objc; path = main.m; sourceTree = "<group>"; };
		4E71DEF01CCADD7A00DEE372 /* AppDelegate.h */ = {isa = PBXFileReference; lastKnownFileType = sourcecode.c.h; path = AppDelegate.h; sourceTree = "<group>"; };
		4E71DEF11CCADD7A00DEE372 /* AppDelegate.m */ = {isa = PBXFileReference; lastKnownFileType = sourcecode.c.objc; path = AppDelegate.m; sourceTree = "<group>"; };
		4E71DEF31CCADD7A00DEE372 /* ViewController.h */ = {isa = PBXFileReference; lastKnownFileType = sourcecode.c.h; path = ViewController.h; sourceTree = "<group>"; };
		4E71DEF41CCADD7A00DEE372 /* ViewController.m */ = {isa = PBXFileReference; lastKnownFileType = sourcecode.c.objc; path = ViewController.m; sourceTree = "<group>"; };
		4E71DEF71CCADD7A00DEE372 /* Base */ = {isa = PBXFileReference; lastKnownFileType = file.storyboard; name = Base; path = Base.lproj/Main.storyboard; sourceTree = "<group>"; };
		4E71DEF91CCADD7A00DEE372 /* Assets.xcassets */ = {isa = PBXFileReference; lastKnownFileType = folder.assetcatalog; path = Assets.xcassets; sourceTree = "<group>"; };
		4E71DEFC1CCADD7A00DEE372 /* Base */ = {isa = PBXFileReference; lastKnownFileType = file.storyboard; name = Base; path = Base.lproj/LaunchScreen.storyboard; sourceTree = "<group>"; };
		4E71DEFE1CCADD7A00DEE372 /* Info.plist */ = {isa = PBXFileReference; lastKnownFileType = text.plist.xml; path = Info.plist; sourceTree = "<group>"; };
		4E71DF031CCADD7A00DEE372 /* audiostremobjectiveTests.xctest */ = {isa = PBXFileReference; explicitFileType = wrapper.cfbundle; includeInIndex = 0; path = audiostremobjectiveTests.xctest; sourceTree = BUILT_PRODUCTS_DIR; };
		4E71DF071CCADD7A00DEE372 /* audiostremobjectiveTests.m */ = {isa = PBXFileReference; lastKnownFileType = sourcecode.c.objc; path = audiostremobjectiveTests.m; sourceTree = "<group>"; };
		4E71DF091CCADD7A00DEE372 /* Info.plist */ = {isa = PBXFileReference; lastKnownFileType = text.plist.xml; path = Info.plist; sourceTree = "<group>"; };
		4E71DF0E1CCADD7A00DEE372 /* audiostremobjectiveUITests.xctest */ = {isa = PBXFileReference; explicitFileType = wrapper.cfbundle; includeInIndex = 0; path = audiostremobjectiveUITests.xctest; sourceTree = BUILT_PRODUCTS_DIR; };
		4E71DF121CCADD7A00DEE372 /* audiostremobjectiveUITests.m */ = {isa = PBXFileReference; lastKnownFileType = sourcecode.c.objc; path = audiostremobjectiveUITests.m; sourceTree = "<group>"; };
		4E71DF141CCADD7A00DEE372 /* Info.plist */ = {isa = PBXFileReference; lastKnownFileType = text.plist.xml; path = Info.plist; sourceTree = "<group>"; };
		4E71DF201CCADFAB00DEE372 /* Player.h */ = {isa = PBXFileReference; fileEncoding = 4; lastKnownFileType = sourcecode.c.h; name = Player.h; path = ../../../Downloads/PlayerAbert/Player.h; sourceTree = "<group>"; };
		4E71DF211CCADFAB00DEE372 /* Player.m */ = {isa = PBXFileReference; fileEncoding = 4; lastKnownFileType = sourcecode.c.objc; name = Player.m; path = ../../../Downloads/PlayerAbert/Player.m; sourceTree = "<group>"; };
/* End PBXFileReference section */

/* Begin PBXFrameworksBuildPhase section */
		4E71DEE71CCADD7A00DEE372 /* Frameworks */ = {
			isa = PBXFrameworksBuildPhase;
			buildActionMask = 2147483647;
			files = (
			);
			runOnlyForDeploymentPostprocessing = 0;
		};
		4E71DF001CCADD7A00DEE372 /* Frameworks */ = {
			isa = PBXFrameworksBuildPhase;
			buildActionMask = 2147483647;
			files = (
			);
			runOnlyForDeploymentPostprocessing = 0;
		};
		4E71DF0B1CCADD7A00DEE372 /* Frameworks */ = {
			isa = PBXFrameworksBuildPhase;
			buildActionMask = 2147483647;
			files = (
			);
			runOnlyForDeploymentPostprocessing = 0;
		};
/* End PBXFrameworksBuildPhase section */

/* Begin PBXGroup section */
		4E71DEE11CCADD7A00DEE372 = {
			isa = PBXGroup;
			children = (
				4E71DEEC1CCADD7A00DEE372 /* audiostremobjective */,
				4E71DF061CCADD7A00DEE372 /* audiostremobjectiveTests */,
				4E71DF111CCADD7A00DEE372 /* audiostremobjectiveUITests */,
				4E71DEEB1CCADD7A00DEE372 /* Products */,
			);
			sourceTree = "<group>";
		};
		4E71DEEB1CCADD7A00DEE372 /* Products */ = {
			isa = PBXGroup;
			children = (
				4E71DEEA1CCADD7A00DEE372 /* audiostremobjective.app */,
				4E71DF031CCADD7A00DEE372 /* audiostremobjectiveTests.xctest */,
				4E71DF0E1CCADD7A00DEE372 /* audiostremobjectiveUITests.xctest */,
			);
			name = Products;
			sourceTree = "<group>";
		};
		4E71DEEC1CCADD7A00DEE372 /* audiostremobjective */ = {
			isa = PBXGroup;
			children = (
				4E71DF201CCADFAB00DEE372 /* Player.h */,
				4E71DF211CCADFAB00DEE372 /* Player.m */,
				4E71DEF01CCADD7A00DEE372 /* AppDelegate.h */,
				4E71DEF11CCADD7A00DEE372 /* AppDelegate.m */,
				4E71DEF31CCADD7A00DEE372 /* ViewController.h */,
				4E71DEF41CCADD7A00DEE372 /* ViewController.m */,
				4E082A281CCC667800880555 /* ViewControllerNovo.h */,
				4E082A291CCC669100880555 /* ViewControllerNovo.m */,
				4E71DEF61CCADD7A00DEE372 /* Main.storyboard */,
				4E71DEF91CCADD7A00DEE372 /* Assets.xcassets */,
				4E71DEFB1CCADD7A00DEE372 /* LaunchScreen.storyboard */,
				4E71DEFE1CCADD7A00DEE372 /* Info.plist */,
				4E71DEED1CCADD7A00DEE372 /* Supporting Files */,
			);
			path = audiostremobjective;
			sourceTree = "<group>";
		};
		4E71DEED1CCADD7A00DEE372 /* Supporting Files */ = {
			isa = PBXGroup;
			children = (
				4E71DEEE1CCADD7A00DEE372 /* main.m */,
			);
			name = "Supporting Files";
			sourceTree = "<group>";
		};
		4E71DF061CCADD7A00DEE372 /* audiostremobjectiveTests */ = {
			isa = PBXGroup;
			children = (
				4E71DF071CCADD7A00DEE372 /* audiostremobjectiveTests.m */,
				4E71DF091CCADD7A00DEE372 /* Info.plist */,
			);
			path = audiostremobjectiveTests;
			sourceTree = "<group>";
		};
		4E71DF111CCADD7A00DEE372 /* audiostremobjectiveUITests */ = {
			isa = PBXGroup;
			children = (
				4E71DF121CCADD7A00DEE372 /* audiostremobjectiveUITests.m */,
				4E71DF141CCADD7A00DEE372 /* Info.plist */,
			);
			path = audiostremobjectiveUITests;
			sourceTree = "<group>";
		};
/* End PBXGroup section */

/* Begin PBXNativeTarget section */
		4E71DEE91CCADD7A00DEE372 /* audiostremobjective */ = {
			isa = PBXNativeTarget;
			buildConfigurationList = 4E71DF171CCADD7A00DEE372 /* Build configuration list for PBXNativeTarget "audiostremobjective" */;
			buildPhases = (
				4E71DEE61CCADD7A00DEE372 /* Sources */,
				4E71DEE71CCADD7A00DEE372 /* Frameworks */,
				4E71DEE81CCADD7A00DEE372 /* Resources */,
			);
			buildRules = (
			);
			dependencies = (
			);
			name = audiostremobjective;
			productName = audiostremobjective;
			productReference = 4E71DEEA1CCADD7A00DEE372 /* audiostremobjective.app */;
			productType = "com.apple.product-type.application";
		};
		4E71DF021CCADD7A00DEE372 /* audiostremobjectiveTests */ = {
			isa = PBXNativeTarget;
			buildConfigurationList = 4E71DF1A1CCADD7A00DEE372 /* Build configuration list for PBXNativeTarget "audiostremobjectiveTests" */;
			buildPhases = (
				4E71DEFF1CCADD7A00DEE372 /* Sources */,
				4E71DF001CCADD7A00DEE372 /* Frameworks */,
				4E71DF011CCADD7A00DEE372 /* Resources */,
			);
			buildRules = (
			);
			dependencies = (
				4E71DF051CCADD7A00DEE372 /* PBXTargetDependency */,
			);
			name = audiostremobjectiveTests;
			productName = audiostremobjectiveTests;
			productReference = 4E71DF031CCADD7A00DEE372 /* audiostremobjectiveTests.xctest */;
			productType = "com.apple.product-type.bundle.unit-test";
		};
		4E71DF0D1CCADD7A00DEE372 /* audiostremobjectiveUITests */ = {
			isa = PBXNativeTarget;
			buildConfigurationList = 4E71DF1D1CCADD7A00DEE372 /* Build configuration list for PBXNativeTarget "audiostremobjectiveUITests" */;
			buildPhases = (
				4E71DF0A1CCADD7A00DEE372 /* Sources */,
				4E71DF0B1CCADD7A00DEE372 /* Frameworks */,
				4E71DF0C1CCADD7A00DEE372 /* Resources */,
			);
			buildRules = (
			);
			dependencies = (
				4E71DF101CCADD7A00DEE372 /* PBXTargetDependency */,
			);
			name = audiostremobjectiveUITests;
			productName = audiostremobjectiveUITests;
			productReference = 4E71DF0E1CCADD7A00DEE372 /* audiostremobjectiveUITests.xctest */;
			productType = "com.apple.product-type.bundle.ui-testing";
		};
/* End PBXNativeTarget section */

/* Begin PBXProject section */
		4E71DEE21CCADD7A00DEE372 /* Project object */ = {
			isa = PBXProject;
			attributes = {
				LastUpgradeCheck = 0720;
				ORGANIZATIONNAME = "Anderson Soares";
				TargetAttributes = {
					4E71DEE91CCADD7A00DEE372 = {
						CreatedOnToolsVersion = 7.2.1;
					};
					4E71DF021CCADD7A00DEE372 = {
						CreatedOnToolsVersion = 7.2.1;
						TestTargetID = 4E71DEE91CCADD7A00DEE372;
					};
					4E71DF0D1CCADD7A00DEE372 = {
						CreatedOnToolsVersion = 7.2.1;
						TestTargetID = 4E71DEE91CCADD7A00DEE372;
					};
				};
			};
			buildConfigurationList = 4E71DEE51CCADD7A00DEE372 /* Build configuration list for PBXProject "audiostremobjective" */;
			compatibilityVersion = "Xcode 3.2";
			developmentRegion = English;
			hasScannedForEncodings = 0;
			knownRegions = (
				en,
				Base,
			);
			mainGroup = 4E71DEE11CCADD7A00DEE372;
			productRefGroup = 4E71DEEB1CCADD7A00DEE372 /* Products */;
			projectDirPath = "";
			projectRoot = "";
			targets = (
				4E71DEE91CCADD7A00DEE372 /* audiostremobjective */,
				4E71DF021CCADD7A00DEE372 /* audiostremobjectiveTests */,
				4E71DF0D1CCADD7A00DEE372 /* audiostremobjectiveUITests */,
			);
		};
/* End PBXProject section */

/* Begin PBXResourcesBuildPhase section */
		4E71DEE81CCADD7A00DEE372 /* Resources */ = {
			isa = PBXResourcesBuildPhase;
			buildActionMask = 2147483647;
			files = (
				4E71DEFD1CCADD7A00DEE372 /* LaunchScreen.storyboard in Resources */,
				4E71DEFA1CCADD7A00DEE372 /* Assets.xcassets in Resources */,
				4E71DEF81CCADD7A00DEE372 /* Main.storyboard in Resources */,
			);
			runOnlyForDeploymentPostprocessing = 0;
		};
		4E71DF011CCADD7A00DEE372 /* Resources */ = {
			isa = PBXResourcesBuildPhase;
			buildActionMask = 2147483647;
			files = (
			);
			runOnlyForDeploymentPostprocessing = 0;
		};
		4E71DF0C1CCADD7A00DEE372 /* Resources */ = {
			isa = PBXResourcesBuildPhase;
			buildActionMask = 2147483647;
			files = (
			);
			runOnlyForDeploymentPostprocessing = 0;
		};
/* End PBXResourcesBuildPhase section */

/* Begin PBXSourcesBuildPhase section */
		4E71DEE61CCADD7A00DEE372 /* Sources */ = {
			isa = PBXSourcesBuildPhase;
			buildActionMask = 2147483647;
			files = (
				4E71DF221CCADFAB00DEE372 /* Player.m in Sources */,
				4E71DEF51CCADD7A00DEE372 /* ViewController.m in Sources */,
				4E71DEF21CCADD7A00DEE372 /* AppDelegate.m in Sources */,
				4E71DEEF1CCADD7A00DEE372 /* main.m in Sources */,
				4E082A2A1CCC669100880555 /* ViewControllerNovo.m in Sources */,
			);
			runOnlyForDeploymentPostprocessing = 0;
		};
		4E71DEFF1CCADD7A00DEE372 /* Sources */ = {
			isa = PBXSourcesBuildPhase;
			buildActionMask = 2147483647;
			files = (
				4E71DF081CCADD7A00DEE372 /* audiostremobjectiveTests.m in Sources */,
			);
			runOnlyForDeploymentPostprocessing = 0;
		};
		4E71DF0A1CCADD7A00DEE372 /* Sources */ = {
			isa = PBXSourcesBuildPhase;
			buildActionMask = 2147483647;
			files = (
				4E71DF131CCADD7A00DEE372 /* audiostremobjectiveUITests.m in Sources */,
			);
			runOnlyForDeploymentPostprocessing = 0;
		};
/* End PBXSourcesBuildPhase section */

/* Begin PBXTargetDependency section */
		4E71DF051CCADD7A00DEE372 /* PBXTargetDependency */ = {
			isa = PBXTargetDependency;
			target = 4E71DEE91CCADD7A00DEE372 /* audiostremobjective */;
			targetProxy = 4E71DF041CCADD7A00DEE372 /* PBXContainerItemProxy */;
		};
		4E71DF101CCADD7A00DEE372 /* PBXTargetDependency */ = {
			isa = PBXTargetDependency;
			target = 4E71DEE91CCADD7A00DEE372 /* audiostremobjective */;
			targetProxy = 4E71DF0F1CCADD7A00DEE372 /* PBXContainerItemProxy */;
		};
/* End PBXTargetDependency section */

/* Begin PBXVariantGroup section */
		4E71DEF61CCADD7A00DEE372 /* Main.storyboard */ = {
			isa = PBXVariantGroup;
			children = (
				4E71DEF71CCADD7A00DEE372 /* Base */,
			);
			name = Main.storyboard;
			sourceTree = "<group>";
		};
		4E71DEFB1CCADD7A00DEE372 /* LaunchScreen.storyboard */ = {
			isa = PBXVariantGroup;
			children = (
				4E71DEFC1CCADD7A00DEE372 /* Base */,
			);
			name = LaunchScreen.storyboard;
			sourceTree = "<group>";
		};
/* End PBXVariantGroup section */

/* Begin XCBuildConfiguration section */
		4E71DF151CCADD7A00DEE372 /* Debug */ = {
			isa = XCBuildConfiguration;
			buildSettings = {
				ALWAYS_SEARCH_USER_PATHS = NO;
				CLANG_CXX_LANGUAGE_STANDARD = "gnu++0x";
				CLANG_CXX_LIBRARY = "libc++";
				CLANG_ENABLE_MODULES = YES;
				CLANG_ENABLE_OBJC_ARC = YES;
				CLANG_WARN_BOOL_CONVERSION = YES;
				CLANG_WARN_CONSTANT_CONVERSION = YES;
				CLANG_WARN_DIRECT_OBJC_ISA_USAGE = YES_ERROR;
				CLANG_WARN_EMPTY_BODY = YES;
				CLANG_WARN_ENUM_CONVERSION = YES;
				CLANG_WARN_INT_CONVERSION = YES;
				CLANG_WARN_OBJC_ROOT_CLASS = YES_ERROR;
				CLANG_WARN_UNREACHABLE_CODE = YES;
				CLANG_WARN__DUPLICATE_METHOD_MATCH = YES;
				"CODE_SIGN_IDENTITY[sdk=iphoneos*]" = "iPhone Developer";
				COPY_PHASE_STRIP = NO;
				DEBUG_INFORMATION_FORMAT = dwarf;
				ENABLE_STRICT_OBJC_MSGSEND = YES;
				ENABLE_TESTABILITY = YES;
				GCC_C_LANGUAGE_STANDARD = gnu99;
				GCC_DYNAMIC_NO_PIC = NO;
				GCC_NO_COMMON_BLOCKS = YES;
				GCC_OPTIMIZATION_LEVEL = 0;
				GCC_PREPROCESSOR_DEFINITIONS = (
					"DEBUG=1",
					"$(inherited)",
				);
				GCC_WARN_64_TO_32_BIT_CONVERSION = YES;
				GCC_WARN_ABOUT_RETURN_TYPE = YES_ERROR;
				GCC_WARN_UNDECLARED_SELECTOR = YES;
				GCC_WARN_UNINITIALIZED_AUTOS = YES_AGGRESSIVE;
				GCC_WARN_UNUSED_FUNCTION = YES;
				GCC_WARN_UNUSED_VARIABLE = YES;
				IPHONEOS_DEPLOYMENT_TARGET = 9.2;
				MTL_ENABLE_DEBUG_INFO = YES;
				ONLY_ACTIVE_ARCH = YES;
				SDKROOT = iphoneos;
			};
			name = Debug;
		};
		4E71DF161CCADD7A00DEE372 /* Release */ = {
			isa = XCBuildConfiguration;
			buildSettings = {
				ALWAYS_SEARCH_USER_PATHS = NO;
				CLANG_CXX_LANGUAGE_STANDARD = "gnu++0x";
				CLANG_CXX_LIBRARY = "libc++";
				CLANG_ENABLE_MODULES = YES;
				CLANG_ENABLE_OBJC_ARC = YES;
				CLANG_WARN_BOOL_CONVERSION = YES;
				CLANG_WARN_CONSTANT_CONVERSION = YES;
				CLANG_WARN_DIRECT_OBJC_ISA_USAGE = YES_ERROR;
				CLANG_WARN_EMPTY_BODY = YES;
				CLANG_WARN_ENUM_CONVERSION = YES;
				CLANG_WARN_INT_CONVERSION = YES;
				CLANG_WARN_OBJC_ROOT_CLASS = YES_ERROR;
				CLANG_WARN_UNREACHABLE_CODE = YES;
				CLANG_WARN__DUPLICATE_METHOD_MATCH = YES;
				"CODE_SIGN_IDENTITY[sdk=iphoneos*]" = "iPhone Developer";
				COPY_PHASE_STRIP = NO;
				DEBUG_INFORMATION_FORMAT = "dwarf-with-dsym";
				ENABLE_NS_ASSERTIONS = NO;
				ENABLE_STRICT_OBJC_MSGSEND = YES;
				GCC_C_LANGUAGE_STANDARD = gnu99;
				GCC_NO_COMMON_BLOCKS = YES;
				GCC_WARN_64_TO_32_BIT_CONVERSION = YES;
				GCC_WARN_ABOUT_RETURN_TYPE = YES_ERROR;
				GCC_WARN_UNDECLARED_SELECTOR = YES;
				GCC_WARN_UNINITIALIZED_AUTOS = YES_AGGRESSIVE;
				GCC_WARN_UNUSED_FUNCTION = YES;
				GCC_WARN_UNUSED_VARIABLE = YES;
				IPHONEOS_DEPLOYMENT_TARGET = 9.2;
				MTL_ENABLE_DEBUG_INFO = NO;
				SDKROOT = iphoneos;
				VALIDATE_PRODUCT = YES;
			};
			name = Release;
		};
		4E71DF181CCADD7A00DEE372 /* Debug */ = {
			isa = XCBuildConfiguration;
			buildSettings = {
				ASSETCATALOG_COMPILER_APPICON_NAME = AppIcon;
				INFOPLIST_FILE = audiostremobjective/Info.plist;
				LD_RUNPATH_SEARCH_PATHS = "$(inherited) @executable_path/Frameworks";
				PRODUCT_BUNDLE_IDENTIFIER = anderson.audiostremobjective;
				PRODUCT_NAME = "$(TARGET_NAME)";
			};
			name = Debug;
		};
		4E71DF191CCADD7A00DEE372 /* Release */ = {
			isa = XCBuildConfiguration;
			buildSettings = {
				ASSETCATALOG_COMPILER_APPICON_NAME = AppIcon;
				INFOPLIST_FILE = audiostremobjective/Info.plist;
				LD_RUNPATH_SEARCH_PATHS = "$(inherited) @executable_path/Frameworks";
				PRODUCT_BUNDLE_IDENTIFIER = anderson.audiostremobjective;
				PRODUCT_NAME = "$(TARGET_NAME)";
			};
			name = Release;
		};
		4E71DF1B1CCADD7A00DEE372 /* Debug */ = {
			isa = XCBuildConfiguration;
			buildSettings = {
				BUNDLE_LOADER = "$(TEST_HOST)";
				INFOPLIST_FILE = audiostremobjectiveTests/Info.plist;
				LD_RUNPATH_SEARCH_PATHS = "$(inherited) @executable_path/Frameworks @loader_path/Frameworks";
				PRODUCT_BUNDLE_IDENTIFIER = anderson.audiostremobjectiveTests;
				PRODUCT_NAME = "$(TARGET_NAME)";
				TEST_HOST = "$(BUILT_PRODUCTS_DIR)/audiostremobjective.app/audiostremobjective";
			};
			name = Debug;
		};
		4E71DF1C1CCADD7A00DEE372 /* Release */ = {
			isa = XCBuildConfiguration;
			buildSettings = {
				BUNDLE_LOADER = "$(TEST_HOST)";
				INFOPLIST_FILE = audiostremobjectiveTests/Info.plist;
				LD_RUNPATH_SEARCH_PATHS = "$(inherited) @executable_path/Frameworks @loader_path/Frameworks";
				PRODUCT_BUNDLE_IDENTIFIER = anderson.audiostremobjectiveTests;
				PRODUCT_NAME = "$(TARGET_NAME)";
				TEST_HOST = "$(BUILT_PRODUCTS_DIR)/audiostremobjective.app/audiostremobjective";
			};
			name = Release;
		};
		4E71DF1E1CCADD7A00DEE372 /* Debug */ = {
			isa = XCBuildConfiguration;
			buildSettings = {
				INFOPLIST_FILE = audiostremobjectiveUITests/Info.plist;
				LD_RUNPATH_SEARCH_PATHS = "$(inherited) @executable_path/Frameworks @loader_path/Frameworks";
				PRODUCT_BUNDLE_IDENTIFIER = anderson.audiostremobjectiveUITests;
				PRODUCT_NAME = "$(TARGET_NAME)";
				TEST_TARGET_NAME = audiostremobjective;
				USES_XCTRUNNER = YES;
			};
			name = Debug;
		};
		4E71DF1F1CCADD7A00DEE372 /* Release */ = {
			isa = XCBuildConfiguration;
			buildSettings = {
				INFOPLIST_FILE = audiostremobjectiveUITests/Info.plist;
				LD_RUNPATH_SEARCH_PATHS = "$(inherited) @executable_path/Frameworks @loader_path/Frameworks";
				PRODUCT_BUNDLE_IDENTIFIER = anderson.audiostremobjectiveUITests;
				PRODUCT_NAME = "$(TARGET_NAME)";
				TEST_TARGET_NAME = audiostremobjective;
				USES_XCTRUNNER = YES;
			};
			name = Release;
		};
/* End XCBuildConfiguration section */

/* Begin XCConfigurationList section */
		4E71DEE51CCADD7A00DEE372 /* Build configuration list for PBXProject "audiostremobjective" */ = {
			isa = XCConfigurationList;
			buildConfigurations = (
				4E71DF151CCADD7A00DEE372 /* Debug */,
				4E71DF161CCADD7A00DEE372 /* Release */,
			);
			defaultConfigurationIsVisible = 0;
			defaultConfigurationName = Release;
		};
		4E71DF171CCADD7A00DEE372 /* Build configuration list for PBXNativeTarget "audiostremobjective" */ = {
			isa = XCConfigurationList;
			buildConfigurations = (
				4E71DF181CCADD7A00DEE372 /* Debug */,
				4E71DF191CCADD7A00DEE372 /* Release */,
			);
			defaultConfigurationIsVisible = 0;
			defaultConfigurationName = Release;
		};
		4E71DF1A1CCADD7A00DEE372 /* Build configuration list for PBXNativeTarget "audiostremobjectiveTests" */ = {
			isa = XCConfigurationList;
			buildConfigurations = (
				4E71DF1B1CCADD7A00DEE372 /* Debug */,
				4E71DF1C1CCADD7A00DEE372 /* Release */,
			);
			defaultConfigurationIsVisible = 0;
			defaultConfigurationName = Release;
		};
		4E71DF1D1CCADD7A00DEE372 /* Build configuration list for PBXNativeTarget "audiostremobjectiveUITests" */ = {
			isa = XCConfigurationList;
			buildConfigurations = (
				4E71DF1E1CCADD7A00DEE372 /* Debug */,
				4E71DF1F1CCADD7A00DEE372 /* Release */,
			);
			defaultConfigurationIsVisible = 0;
			defaultConfigurationName = Release;
		};
/* End XCConfigurationList section */
	};
	rootObject = 4E71DEE21CCADD7A00DEE372 /* Project object */;
}
